
Microsoft Visual Studio Solution File, Format Version 12.00
# Visual Studio Version 17
VisualStudioVersion = 17.8.34316.72
MinimumVisualStudioVersion = 10.0.40219.1
Project("{FAE04EC0-301F-11D3-BF4B-00C04F79EFBC}") = "SebamoServer", "SebamoServer\SebamoServer.csproj", "{4BC070E2-7550-4690-A1F4-B69E136B3798}"
EndProject
Global
	GlobalSection(SolutionConfigurationPlatforms) = preSolution
		Debug|Any CPU = Debug|Any CPU
		Release|Any CPU = Release|Any CPU
	EndGlobalSection
	GlobalSection(ProjectConfigurationPlatforms) = postSolution
		{4BC070E2-7550-4690-A1F4-B69E136B3798}.Debug|Any CPU.ActiveCfg = Debug|Any CPU
		{4BC070E2-7550-4690-A1F4-B69E136B3798}.Debug|Any CPU.Build.0 = Debug|Any CPU
		{4BC070E2-7550-4690-A1F4-B69E136B3798}.Release|Any CPU.ActiveCfg = Release|Any CPU
		{4BC070E2-7550-4690-A1F4-B69E136B3798}.Release|Any CPU.Build.0 = Release|Any CPU
	EndGlobalSection
	GlobalSection(SolutionProperties) = preSolution
		HideSolutionNode = FALSE
	EndGlobalSection
	GlobalSection(ExtensibilityGlobals) = postSolution
		SolutionGuid = {2650C5A1-5EFE-4748-B798-A9771D368557}
	EndGlobalSection
EndGlobal
